
Microsoft Visual Studio Solution File, Format Version 12.00
Project("{FAE04EC0-301F-11D3-BF4B-00C04F79EFBC}") = "AdventOfCode2022", "AdventOfCode2022\AdventOfCode2022.csproj", "{263B224A-FC3D-46DD-9492-C917E537F973}"
EndProject
Global
	GlobalSection(SolutionConfigurationPlatforms) = preSolution
		14b|Any CPU = 14b|Any CPU
		02a|Any CPU = 02a|Any CPU
		12b|Any CPU = 12b|Any CPU
		21a|Any CPU = 21a|Any CPU
		08a|Any CPU = 08a|Any CPU
		10b|Any CPU = 10b|Any CPU
		18b|Any CPU = 18b|Any CPU
		06a|Any CPU = 06a|Any CPU
		25a|Any CPU = 25a|Any CPU
		04a|Any CPU = 04a|Any CPU
		16b|Any CPU = 16b|Any CPU
		23a|Any CPU = 23a|Any CPU
		01a|Any CPU = 01a|Any CPU
		07b|Any CPU = 07b|Any CPU
		16a|Any CPU = 16a|Any CPU
		09b|Any CPU = 09b|Any CPU
		18a|Any CPU = 18a|Any CPU
		22b|Any CPU = 22b|Any CPU
		01b|Any CPU = 01b|Any CPU
		20b|Any CPU = 20b|Any CPU
		10a|Any CPU = 10a|Any CPU
		03b|Any CPU = 03b|Any CPU
		12a|Any CPU = 12a|Any CPU
		05b|Any CPU = 05b|Any CPU
		24b|Any CPU = 24b|Any CPU
		14a|Any CPU = 14a|Any CPU
		25b|Any CPU = 25b|Any CPU
		05a|Any CPU = 05a|Any CPU
		17b|Any CPU = 17b|Any CPU
		07a|Any CPU = 07a|Any CPU
		19b|Any CPU = 19b|Any CPU
		09a|Any CPU = 09a|Any CPU
		22a|Any CPU = 22a|Any CPU
		11b|Any CPU = 11b|Any CPU
		20a|Any CPU = 20a|Any CPU
		13b|Any CPU = 13b|Any CPU
		03a|Any CPU = 03a|Any CPU
		15b|Any CPU = 15b|Any CPU
		24a|Any CPU = 24a|Any CPU
		17a|Any CPU = 17a|Any CPU
		06b|Any CPU = 06b|Any CPU
		19a|Any CPU = 19a|Any CPU
		08b|Any CPU = 08b|Any CPU
		23b|Any CPU = 23b|Any CPU
		11a|Any CPU = 11a|Any CPU
		21b|Any CPU = 21b|Any CPU
		13a|Any CPU = 13a|Any CPU
		02b|Any CPU = 02b|Any CPU
		15a|Any CPU = 15a|Any CPU
		04b|Any CPU = 04b|Any CPU
	EndGlobalSection
	GlobalSection(ProjectConfigurationPlatforms) = postSolution
		{263B224A-FC3D-46DD-9492-C917E537F973}.14b|Any CPU.ActiveCfg = 14b|Any CPU
		{263B224A-FC3D-46DD-9492-C917E537F973}.14b|Any CPU.Build.0 = 14b|Any CPU
		{263B224A-FC3D-46DD-9492-C917E537F973}.02a|Any CPU.ActiveCfg = 02a|Any CPU
		{263B224A-FC3D-46DD-9492-C917E537F973}.02a|Any CPU.Build.0 = 02a|Any CPU
		{263B224A-FC3D-46DD-9492-C917E537F973}.12b|Any CPU.ActiveCfg = 12b|Any CPU
		{263B224A-FC3D-46DD-9492-C917E537F973}.12b|Any CPU.Build.0 = 12b|Any CPU
		{263B224A-FC3D-46DD-9492-C917E537F973}.21a|Any CPU.ActiveCfg = 21a|Any CPU
		{263B224A-FC3D-46DD-9492-C917E537F973}.21a|Any CPU.Build.0 = 21a|Any CPU
		{263B224A-FC3D-46DD-9492-C917E537F973}.08a|Any CPU.ActiveCfg = 08a|Any CPU
		{263B224A-FC3D-46DD-9492-C917E537F973}.08a|Any CPU.Build.0 = 08a|Any CPU
		{263B224A-FC3D-46DD-9492-C917E537F973}.10b|Any CPU.ActiveCfg = 10b|Any CPU
		{263B224A-FC3D-46DD-9492-C917E537F973}.10b|Any CPU.Build.0 = 10b|Any CPU
		{263B224A-FC3D-46DD-9492-C917E537F973}.18b|Any CPU.ActiveCfg = 18b|Any CPU
		{263B224A-FC3D-46DD-9492-C917E537F973}.18b|Any CPU.Build.0 = 18b|Any CPU
		{263B224A-FC3D-46DD-9492-C917E537F973}.06a|Any CPU.ActiveCfg = 06a|Any CPU
		{263B224A-FC3D-46DD-9492-C917E537F973}.06a|Any CPU.Build.0 = 06a|Any CPU
		{263B224A-FC3D-46DD-9492-C917E537F973}.25a|Any CPU.ActiveCfg = 25a|Any CPU
		{263B224A-FC3D-46DD-9492-C917E537F973}.25a|Any CPU.Build.0 = 25a|Any CPU
		{263B224A-FC3D-46DD-9492-C917E537F973}.04a|Any CPU.ActiveCfg = 04a|Any CPU
		{263B224A-FC3D-46DD-9492-C917E537F973}.04a|Any CPU.Build.0 = 04a|Any CPU
		{263B224A-FC3D-46DD-9492-C917E537F973}.16b|Any CPU.ActiveCfg = 16b|Any CPU
		{263B224A-FC3D-46DD-9492-C917E537F973}.16b|Any CPU.Build.0 = 16b|Any CPU
		{263B224A-FC3D-46DD-9492-C917E537F973}.23a|Any CPU.ActiveCfg = 23a|Any CPU
		{263B224A-FC3D-46DD-9492-C917E537F973}.23a|Any CPU.Build.0 = 23a|Any CPU
		{263B224A-FC3D-46DD-9492-C917E537F973}.01a|Any CPU.ActiveCfg = 01a|Any CPU
		{263B224A-FC3D-46DD-9492-C917E537F973}.01a|Any CPU.Build.0 = 01a|Any CPU
		{263B224A-FC3D-46DD-9492-C917E537F973}.07b|Any CPU.ActiveCfg = 07b|Any CPU
		{263B224A-FC3D-46DD-9492-C917E537F973}.07b|Any CPU.Build.0 = 07b|Any CPU
		{263B224A-FC3D-46DD-9492-C917E537F973}.16a|Any CPU.ActiveCfg = 16a|Any CPU
		{263B224A-FC3D-46DD-9492-C917E537F973}.16a|Any CPU.Build.0 = 16a|Any CPU
		{263B224A-FC3D-46DD-9492-C917E537F973}.09b|Any CPU.ActiveCfg = 09b|Any CPU
		{263B224A-FC3D-46DD-9492-C917E537F973}.09b|Any CPU.Build.0 = 09b|Any CPU
		{263B224A-FC3D-46DD-9492-C917E537F973}.18a|Any CPU.ActiveCfg = 18a|Any CPU
		{263B224A-FC3D-46DD-9492-C917E537F973}.18a|Any CPU.Build.0 = 18a|Any CPU
		{263B224A-FC3D-46DD-9492-C917E537F973}.22b|Any CPU.ActiveCfg = 22b|Any CPU
		{263B224A-FC3D-46DD-9492-C917E537F973}.22b|Any CPU.Build.0 = 22b|Any CPU
		{263B224A-FC3D-46DD-9492-C917E537F973}.01b|Any CPU.ActiveCfg = 01b|Any CPU
		{263B224A-FC3D-46DD-9492-C917E537F973}.01b|Any CPU.Build.0 = 01b|Any CPU
		{263B224A-FC3D-46DD-9492-C917E537F973}.20b|Any CPU.ActiveCfg = 20b|Any CPU
		{263B224A-FC3D-46DD-9492-C917E537F973}.20b|Any CPU.Build.0 = 20b|Any CPU
		{263B224A-FC3D-46DD-9492-C917E537F973}.10a|Any CPU.ActiveCfg = 10a|Any CPU
		{263B224A-FC3D-46DD-9492-C917E537F973}.10a|Any CPU.Build.0 = 10a|Any CPU
		{263B224A-FC3D-46DD-9492-C917E537F973}.03b|Any CPU.ActiveCfg = 03b|Any CPU
		{263B224A-FC3D-46DD-9492-C917E537F973}.03b|Any CPU.Build.0 = 03b|Any CPU
		{263B224A-FC3D-46DD-9492-C917E537F973}.12a|Any CPU.ActiveCfg = 12a|Any CPU
		{263B224A-FC3D-46DD-9492-C917E537F973}.12a|Any CPU.Build.0 = 12a|Any CPU
		{263B224A-FC3D-46DD-9492-C917E537F973}.05b|Any CPU.ActiveCfg = 05b|Any CPU
		{263B224A-FC3D-46DD-9492-C917E537F973}.05b|Any CPU.Build.0 = 05b|Any CPU
		{263B224A-FC3D-46DD-9492-C917E537F973}.24b|Any CPU.ActiveCfg = 24b|Any CPU
		{263B224A-FC3D-46DD-9492-C917E537F973}.24b|Any CPU.Build.0 = 24b|Any CPU
		{263B224A-FC3D-46DD-9492-C917E537F973}.14a|Any CPU.ActiveCfg = 14a|Any CPU
		{263B224A-FC3D-46DD-9492-C917E537F973}.14a|Any CPU.Build.0 = 14a|Any CPU
		{263B224A-FC3D-46DD-9492-C917E537F973}.25b|Any CPU.ActiveCfg = 25b|Any CPU
		{263B224A-FC3D-46DD-9492-C917E537F973}.25b|Any CPU.Build.0 = 25b|Any CPU
		{263B224A-FC3D-46DD-9492-C917E537F973}.05a|Any CPU.ActiveCfg = 05a|Any CPU
		{263B224A-FC3D-46DD-9492-C917E537F973}.05a|Any CPU.Build.0 = 05a|Any CPU
		{263B224A-FC3D-46DD-9492-C917E537F973}.17b|Any CPU.ActiveCfg = 17b|Any CPU
		{263B224A-FC3D-46DD-9492-C917E537F973}.17b|Any CPU.Build.0 = 17b|Any CPU
		{263B224A-FC3D-46DD-9492-C917E537F973}.07a|Any CPU.ActiveCfg = 07a|Any CPU
		{263B224A-FC3D-46DD-9492-C917E537F973}.07a|Any CPU.Build.0 = 07a|Any CPU
		{263B224A-FC3D-46DD-9492-C917E537F973}.19b|Any CPU.ActiveCfg = 19b|Any CPU
		{263B224A-FC3D-46DD-9492-C917E537F973}.19b|Any CPU.Build.0 = 19b|Any CPU
		{263B224A-FC3D-46DD-9492-C917E537F973}.09a|Any CPU.ActiveCfg = 09a|Any CPU
		{263B224A-FC3D-46DD-9492-C917E537F973}.09a|Any CPU.Build.0 = 09a|Any CPU
		{263B224A-FC3D-46DD-9492-C917E537F973}.22a|Any CPU.ActiveCfg = 22a|Any CPU
		{263B224A-FC3D-46DD-9492-C917E537F973}.22a|Any CPU.Build.0 = 22a|Any CPU
		{263B224A-FC3D-46DD-9492-C917E537F973}.11b|Any CPU.ActiveCfg = 11b|Any CPU
		{263B224A-FC3D-46DD-9492-C917E537F973}.11b|Any CPU.Build.0 = 11b|Any CPU
		{263B224A-FC3D-46DD-9492-C917E537F973}.20a|Any CPU.ActiveCfg = 20a|Any CPU
		{263B224A-FC3D-46DD-9492-C917E537F973}.20a|Any CPU.Build.0 = 20a|Any CPU
		{263B224A-FC3D-46DD-9492-C917E537F973}.13b|Any CPU.ActiveCfg = 13b|Any CPU
		{263B224A-FC3D-46DD-9492-C917E537F973}.13b|Any CPU.Build.0 = 13b|Any CPU
		{263B224A-FC3D-46DD-9492-C917E537F973}.03a|Any CPU.ActiveCfg = 03a|Any CPU
		{263B224A-FC3D-46DD-9492-C917E537F973}.03a|Any CPU.Build.0 = 03a|Any CPU
		{263B224A-FC3D-46DD-9492-C917E537F973}.15b|Any CPU.ActiveCfg = 15b|Any CPU
		{263B224A-FC3D-46DD-9492-C917E537F973}.15b|Any CPU.Build.0 = 15b|Any CPU
		{263B224A-FC3D-46DD-9492-C917E537F973}.24a|Any CPU.ActiveCfg = 24a|Any CPU
		{263B224A-FC3D-46DD-9492-C917E537F973}.24a|Any CPU.Build.0 = 24a|Any CPU
		{263B224A-FC3D-46DD-9492-C917E537F973}.17a|Any CPU.ActiveCfg = 17a|Any CPU
		{263B224A-FC3D-46DD-9492-C917E537F973}.17a|Any CPU.Build.0 = 17a|Any CPU
		{263B224A-FC3D-46DD-9492-C917E537F973}.06b|Any CPU.ActiveCfg = 06b|Any CPU
		{263B224A-FC3D-46DD-9492-C917E537F973}.06b|Any CPU.Build.0 = 06b|Any CPU
		{263B224A-FC3D-46DD-9492-C917E537F973}.19a|Any CPU.ActiveCfg = 19a|Any CPU
		{263B224A-FC3D-46DD-9492-C917E537F973}.19a|Any CPU.Build.0 = 19a|Any CPU
		{263B224A-FC3D-46DD-9492-C917E537F973}.08b|Any CPU.ActiveCfg = 08b|Any CPU
		{263B224A-FC3D-46DD-9492-C917E537F973}.08b|Any CPU.Build.0 = 08b|Any CPU
		{263B224A-FC3D-46DD-9492-C917E537F973}.23b|Any CPU.ActiveCfg = 23b|Any CPU
		{263B224A-FC3D-46DD-9492-C917E537F973}.23b|Any CPU.Build.0 = 23b|Any CPU
		{263B224A-FC3D-46DD-9492-C917E537F973}.11a|Any CPU.ActiveCfg = 11a|Any CPU
		{263B224A-FC3D-46DD-9492-C917E537F973}.11a|Any CPU.Build.0 = 11a|Any CPU
		{263B224A-FC3D-46DD-9492-C917E537F973}.21b|Any CPU.ActiveCfg = 21b|Any CPU
		{263B224A-FC3D-46DD-9492-C917E537F973}.21b|Any CPU.Build.0 = 21b|Any CPU
		{263B224A-FC3D-46DD-9492-C917E537F973}.13a|Any CPU.ActiveCfg = 13a|Any CPU
		{263B224A-FC3D-46DD-9492-C917E537F973}.13a|Any CPU.Build.0 = 13a|Any CPU
		{263B224A-FC3D-46DD-9492-C917E537F973}.02b|Any CPU.ActiveCfg = 02b|Any CPU
		{263B224A-FC3D-46DD-9492-C917E537F973}.02b|Any CPU.Build.0 = 02b|Any CPU
		{263B224A-FC3D-46DD-9492-C917E537F973}.15a|Any CPU.ActiveCfg = 15a|Any CPU
		{263B224A-FC3D-46DD-9492-C917E537F973}.15a|Any CPU.Build.0 = 15a|Any CPU
		{263B224A-FC3D-46DD-9492-C917E537F973}.04b|Any CPU.ActiveCfg = 04b|Any CPU
		{263B224A-FC3D-46DD-9492-C917E537F973}.04b|Any CPU.Build.0 = 04b|Any CPU
	EndGlobalSection
EndGlobal
